
Microsoft Visual Studio Solution File, Format Version 12.00
# Visual Studio Version 17
VisualStudioVersion = 17.9.34723.18
MinimumVisualStudioVersion = 10.0.40219.1
Project("{FAE04EC0-301F-11D3-BF4B-00C04F79EFBC}") = "sendDatafrom_form1toform2", "sendDatafrom_form1toform2\sendDatafrom_form1toform2.csproj", "{E74A6B45-9178-4A3F-8E05-76A8EDC79A99}"
EndProject
Project("{FAE04EC0-301F-11D3-BF4B-00C04F79EFBC}") = "sendDataBackfromform2toform1UsingDelegate", "sendDataBackfromform2toform1UsingDelegate\sendDataBackfromform2toform1UsingDelegate.csproj", "{3CC89F9F-89DF-4312-9921-5B1054E25B82}"
EndProject
Project("{FAE04EC0-301F-11D3-BF4B-00C04F79EFBC}") = "UserControls", "UserControls\UserControls.csproj", "{55B4D43E-C15F-4696-B5B1-A5CCDC67F256}"
EndProject
Project("{FAE04EC0-301F-11D3-BF4B-00C04F79EFBC}") = "Events", "Events\Events.csproj", "{2BB76940-D1E6-4710-ACBC-9C612382B603}"
EndProject
Project("{FAE04EC0-301F-11D3-BF4B-00C04F79EFBC}") = "Temperature Change Event Example", "Temperature Change Event Example\Temperature Change Event Example.csproj", "{33B2B0DB-7C00-4615-8008-43F68A63F959}"
EndProject
Project("{FAE04EC0-301F-11D3-BF4B-00C04F79EFBC}") = "News Publisher Subscriber Example", "News Publisher Subscriber Example\News Publisher Subscriber Example.csproj", "{F51F87C8-5CE3-451E-AF6C-DA6641BF0503}"
EndProject
Project("{FAE04EC0-301F-11D3-BF4B-00C04F79EFBC}") = "New Order Event Example", "New Order Event Example\New Order Event Example.csproj", "{9A5ADE6B-3463-407E-BEFF-F831F33EE903}"
EndProject
Project("{FAE04EC0-301F-11D3-BF4B-00C04F79EFBC}") = "Logger Example", "Logger Example\Logger Example.csproj", "{419024A3-E8D1-490F-9150-4759C7D5F753}"
EndProject
Project("{FAE04EC0-301F-11D3-BF4B-00C04F79EFBC}") = "Func Delegate Example 1", "Func Delegate Example 1\Func Delegate Example 1.csproj", "{71C1BB91-3A23-40B9-9B6B-BCD824A0165F}"
EndProject
Project("{FAE04EC0-301F-11D3-BF4B-00C04F79EFBC}") = "Action Delegate", "Action Delegate\Action Delegate.csproj", "{ABB6F48A-7F15-4BBC-BDAE-264BBDCECD24}"
EndProject
Project("{FAE04EC0-301F-11D3-BF4B-00C04F79EFBC}") = "Predicate Delegate Example 1", "Predicate Delegate Example 1\Predicate Delegate Example 1.csproj", "{F895827A-4295-4C86-91E7-796126E1EB10}"
EndProject
Project("{FAE04EC0-301F-11D3-BF4B-00C04F79EFBC}") = "Lambda Expression Example", "Lambda Expression Example\Lambda Expression Example.csproj", "{532890A3-4B4B-424E-8562-D628F6945107}"
EndProject
Project("{FAE04EC0-301F-11D3-BF4B-00C04F79EFBC}") = "UsingStatementWithDatabaseConnection", "UsingStatementWithDatabaseConnection\UsingStatementWithDatabaseConnection.csproj", "{8099CCC4-19AE-48D8-9766-D4F8632FF470}"
EndProject
Project("{FAE04EC0-301F-11D3-BF4B-00C04F79EFBC}") = "Nullable Data Types", "Nullable Data Types\Nullable Data Types.csproj", "{34B30ECA-835F-41C2-AE53-1F9AEA2813BE}"
EndProject
Project("{FAE04EC0-301F-11D3-BF4B-00C04F79EFBC}") = "XML Serialization Example", "XML Serialization Example\XML Serialization Example.csproj", "{4287E56B-731C-45B6-9E11-9A8B3BC91797}"
EndProject
Project("{FAE04EC0-301F-11D3-BF4B-00C04F79EFBC}") = "Json Serialization Example", "Json Serialization Example\Json Serialization Example.csproj", "{1560DD91-1A19-4AEC-A9CA-866C68F87891}"
EndProject
Project("{FAE04EC0-301F-11D3-BF4B-00C04F79EFBC}") = "example using Binary Serialization", "example using Binary Serialization\example using Binary Serialization.csproj", "{BFCBAC5F-AABC-4482-8C1F-7A581AA4638E}"
EndProject
Project("{FAE04EC0-301F-11D3-BF4B-00C04F79EFBC}") = "Attributes", "Attributes\Attributes.csproj", "{FF2DB38B-5BAA-4EBD-BEDE-D0C00FBF6A93}"
EndProject
Project("{FAE04EC0-301F-11D3-BF4B-00C04F79EFBC}") = "Reflection", "Reflection\Reflection.csproj", "{E4A8E71F-2A63-4A81-8AB2-45E17FBBB7B4}"
EndProject
Project("{FAE04EC0-301F-11D3-BF4B-00C04F79EFBC}") = "Reflectionwith CustomAttributes", "Reflectionwith CustomAttributes\Reflectionwith CustomAttributes.csproj", "{E252CD8E-E7A6-4BC9-9A8A-C4893A0D9DA5}"
EndProject
Project("{FAE04EC0-301F-11D3-BF4B-00C04F79EFBC}") = "Special Comments In C#", "Special Comments In C#\Special Comments In C#.csproj", "{48143806-6869-41EB-866D-85AE8ABBFC34}"
EndProject
Project("{FAE04EC0-301F-11D3-BF4B-00C04F79EFBC}") = "Generic", "Generic\Generic.csproj", "{4B416F3B-337B-4A1C-81F2-FC8A9FCD0E61}"
EndProject
Project("{FAE04EC0-301F-11D3-BF4B-00C04F79EFBC}") = "Registry in C#", "Registry in C#\Registry in C#.csproj", "{2324D9DC-3E48-4BC4-B6AE-62EB7191BC51}"
EndProject
Project("{FAE04EC0-301F-11D3-BF4B-00C04F79EFBC}") = "Event Log", "Event Log\Event Log.csproj", "{C9D195DD-A041-4D7C-94A1-20E50BB0F5D6}"
EndProject
Project("{FAE04EC0-301F-11D3-BF4B-00C04F79EFBC}") = "App.config Examlpe", "App.config Examlpe\App.config Examlpe.csproj", "{BFD29F10-25B6-4BBC-AD31-623F5A52C82E}"
EndProject
Project("{FAE04EC0-301F-11D3-BF4B-00C04F79EFBC}") = "String Builder Example", "String Builder Example\String Builder Example.csproj", "{F24BD88A-07E1-48BE-8AEB-3C96986CF276}"
EndProject
Project("{FAE04EC0-301F-11D3-BF4B-00C04F79EFBC}") = "Cryptography", "Cryptography\Cryptography.csproj", "{AB0074CE-2A16-4D00-A505-690E4A5E89FF}"
EndProject
Project("{FAE04EC0-301F-11D3-BF4B-00C04F79EFBC}") = "Operator Overloading", "Operator Overloading\Operator Overloading.csproj", "{EB765BCF-1E78-453F-B11B-768B0A19B33A}"
EndProject
Project("{FAE04EC0-301F-11D3-BF4B-00C04F79EFBC}") = "Process vs Thread", "Process vs Thread\Process vs Thread.csproj", "{00653B20-1CCB-4458-B2E8-54BE7B78AA7F}"
EndProject
Global
	GlobalSection(SolutionConfigurationPlatforms) = preSolution
		Debug|Any CPU = Debug|Any CPU
		Release|Any CPU = Release|Any CPU
	EndGlobalSection
	GlobalSection(ProjectConfigurationPlatforms) = postSolution
		{E74A6B45-9178-4A3F-8E05-76A8EDC79A99}.Debug|Any CPU.ActiveCfg = Debug|Any CPU
		{E74A6B45-9178-4A3F-8E05-76A8EDC79A99}.Debug|Any CPU.Build.0 = Debug|Any CPU
		{E74A6B45-9178-4A3F-8E05-76A8EDC79A99}.Release|Any CPU.ActiveCfg = Release|Any CPU
		{E74A6B45-9178-4A3F-8E05-76A8EDC79A99}.Release|Any CPU.Build.0 = Release|Any CPU
		{3CC89F9F-89DF-4312-9921-5B1054E25B82}.Debug|Any CPU.ActiveCfg = Debug|Any CPU
		{3CC89F9F-89DF-4312-9921-5B1054E25B82}.Debug|Any CPU.Build.0 = Debug|Any CPU
		{3CC89F9F-89DF-4312-9921-5B1054E25B82}.Release|Any CPU.ActiveCfg = Release|Any CPU
		{3CC89F9F-89DF-4312-9921-5B1054E25B82}.Release|Any CPU.Build.0 = Release|Any CPU
		{55B4D43E-C15F-4696-B5B1-A5CCDC67F256}.Debug|Any CPU.ActiveCfg = Debug|Any CPU
		{55B4D43E-C15F-4696-B5B1-A5CCDC67F256}.Debug|Any CPU.Build.0 = Debug|Any CPU
		{55B4D43E-C15F-4696-B5B1-A5CCDC67F256}.Release|Any CPU.ActiveCfg = Release|Any CPU
		{55B4D43E-C15F-4696-B5B1-A5CCDC67F256}.Release|Any CPU.Build.0 = Release|Any CPU
		{2BB76940-D1E6-4710-ACBC-9C612382B603}.Debug|Any CPU.ActiveCfg = Debug|Any CPU
		{2BB76940-D1E6-4710-ACBC-9C612382B603}.Debug|Any CPU.Build.0 = Debug|Any CPU
		{2BB76940-D1E6-4710-ACBC-9C612382B603}.Release|Any CPU.ActiveCfg = Release|Any CPU
		{2BB76940-D1E6-4710-ACBC-9C612382B603}.Release|Any CPU.Build.0 = Release|Any CPU
		{33B2B0DB-7C00-4615-8008-43F68A63F959}.Debug|Any CPU.ActiveCfg = Debug|Any CPU
		{33B2B0DB-7C00-4615-8008-43F68A63F959}.Debug|Any CPU.Build.0 = Debug|Any CPU
		{33B2B0DB-7C00-4615-8008-43F68A63F959}.Release|Any CPU.ActiveCfg = Release|Any CPU
		{33B2B0DB-7C00-4615-8008-43F68A63F959}.Release|Any CPU.Build.0 = Release|Any CPU
		{F51F87C8-5CE3-451E-AF6C-DA6641BF0503}.Debug|Any CPU.ActiveCfg = Debug|Any CPU
		{F51F87C8-5CE3-451E-AF6C-DA6641BF0503}.Debug|Any CPU.Build.0 = Debug|Any CPU
		{F51F87C8-5CE3-451E-AF6C-DA6641BF0503}.Release|Any CPU.ActiveCfg = Release|Any CPU
		{F51F87C8-5CE3-451E-AF6C-DA6641BF0503}.Release|Any CPU.Build.0 = Release|Any CPU
		{9A5ADE6B-3463-407E-BEFF-F831F33EE903}.Debug|Any CPU.ActiveCfg = Debug|Any CPU
		{9A5ADE6B-3463-407E-BEFF-F831F33EE903}.Debug|Any CPU.Build.0 = Debug|Any CPU
		{9A5ADE6B-3463-407E-BEFF-F831F33EE903}.Release|Any CPU.ActiveCfg = Release|Any CPU
		{9A5ADE6B-3463-407E-BEFF-F831F33EE903}.Release|Any CPU.Build.0 = Release|Any CPU
		{419024A3-E8D1-490F-9150-4759C7D5F753}.Debug|Any CPU.ActiveCfg = Debug|Any CPU
		{419024A3-E8D1-490F-9150-4759C7D5F753}.Debug|Any CPU.Build.0 = Debug|Any CPU
		{419024A3-E8D1-490F-9150-4759C7D5F753}.Release|Any CPU.ActiveCfg = Release|Any CPU
		{419024A3-E8D1-490F-9150-4759C7D5F753}.Release|Any CPU.Build.0 = Release|Any CPU
		{71C1BB91-3A23-40B9-9B6B-BCD824A0165F}.Debug|Any CPU.ActiveCfg = Debug|Any CPU
		{71C1BB91-3A23-40B9-9B6B-BCD824A0165F}.Debug|Any CPU.Build.0 = Debug|Any CPU
		{71C1BB91-3A23-40B9-9B6B-BCD824A0165F}.Release|Any CPU.ActiveCfg = Release|Any CPU
		{71C1BB91-3A23-40B9-9B6B-BCD824A0165F}.Release|Any CPU.Build.0 = Release|Any CPU
		{ABB6F48A-7F15-4BBC-BDAE-264BBDCECD24}.Debug|Any CPU.ActiveCfg = Debug|Any CPU
		{ABB6F48A-7F15-4BBC-BDAE-264BBDCECD24}.Debug|Any CPU.Build.0 = Debug|Any CPU
		{ABB6F48A-7F15-4BBC-BDAE-264BBDCECD24}.Release|Any CPU.ActiveCfg = Release|Any CPU
		{ABB6F48A-7F15-4BBC-BDAE-264BBDCECD24}.Release|Any CPU.Build.0 = Release|Any CPU
		{F895827A-4295-4C86-91E7-796126E1EB10}.Debug|Any CPU.ActiveCfg = Debug|Any CPU
		{F895827A-4295-4C86-91E7-796126E1EB10}.Debug|Any CPU.Build.0 = Debug|Any CPU
		{F895827A-4295-4C86-91E7-796126E1EB10}.Release|Any CPU.ActiveCfg = Release|Any CPU
		{F895827A-4295-4C86-91E7-796126E1EB10}.Release|Any CPU.Build.0 = Release|Any CPU
		{532890A3-4B4B-424E-8562-D628F6945107}.Debug|Any CPU.ActiveCfg = Debug|Any CPU
		{532890A3-4B4B-424E-8562-D628F6945107}.Debug|Any CPU.Build.0 = Debug|Any CPU
		{532890A3-4B4B-424E-8562-D628F6945107}.Release|Any CPU.ActiveCfg = Release|Any CPU
		{532890A3-4B4B-424E-8562-D628F6945107}.Release|Any CPU.Build.0 = Release|Any CPU
		{8099CCC4-19AE-48D8-9766-D4F8632FF470}.Debug|Any CPU.ActiveCfg = Debug|Any CPU
		{8099CCC4-19AE-48D8-9766-D4F8632FF470}.Debug|Any CPU.Build.0 = Debug|Any CPU
		{8099CCC4-19AE-48D8-9766-D4F8632FF470}.Release|Any CPU.ActiveCfg = Release|Any CPU
		{8099CCC4-19AE-48D8-9766-D4F8632FF470}.Release|Any CPU.Build.0 = Release|Any CPU
		{34B30ECA-835F-41C2-AE53-1F9AEA2813BE}.Debug|Any CPU.ActiveCfg = Debug|Any CPU
		{34B30ECA-835F-41C2-AE53-1F9AEA2813BE}.Debug|Any CPU.Build.0 = Debug|Any CPU
		{34B30ECA-835F-41C2-AE53-1F9AEA2813BE}.Release|Any CPU.ActiveCfg = Release|Any CPU
		{34B30ECA-835F-41C2-AE53-1F9AEA2813BE}.Release|Any CPU.Build.0 = Release|Any CPU
		{4287E56B-731C-45B6-9E11-9A8B3BC91797}.Debug|Any CPU.ActiveCfg = Debug|Any CPU
		{4287E56B-731C-45B6-9E11-9A8B3BC91797}.Debug|Any CPU.Build.0 = Debug|Any CPU
		{4287E56B-731C-45B6-9E11-9A8B3BC91797}.Release|Any CPU.ActiveCfg = Release|Any CPU
		{4287E56B-731C-45B6-9E11-9A8B3BC91797}.Release|Any CPU.Build.0 = Release|Any CPU
		{1560DD91-1A19-4AEC-A9CA-866C68F87891}.Debug|Any CPU.ActiveCfg = Debug|Any CPU
		{1560DD91-1A19-4AEC-A9CA-866C68F87891}.Debug|Any CPU.Build.0 = Debug|Any CPU
		{1560DD91-1A19-4AEC-A9CA-866C68F87891}.Release|Any CPU.ActiveCfg = Release|Any CPU
		{1560DD91-1A19-4AEC-A9CA-866C68F87891}.Release|Any CPU.Build.0 = Release|Any CPU
		{BFCBAC5F-AABC-4482-8C1F-7A581AA4638E}.Debug|Any CPU.ActiveCfg = Debug|Any CPU
		{BFCBAC5F-AABC-4482-8C1F-7A581AA4638E}.Debug|Any CPU.Build.0 = Debug|Any CPU
		{BFCBAC5F-AABC-4482-8C1F-7A581AA4638E}.Release|Any CPU.ActiveCfg = Release|Any CPU
		{BFCBAC5F-AABC-4482-8C1F-7A581AA4638E}.Release|Any CPU.Build.0 = Release|Any CPU
		{FF2DB38B-5BAA-4EBD-BEDE-D0C00FBF6A93}.Debug|Any CPU.ActiveCfg = Debug|Any CPU
		{FF2DB38B-5BAA-4EBD-BEDE-D0C00FBF6A93}.Debug|Any CPU.Build.0 = Debug|Any CPU
		{FF2DB38B-5BAA-4EBD-BEDE-D0C00FBF6A93}.Release|Any CPU.ActiveCfg = Release|Any CPU
		{FF2DB38B-5BAA-4EBD-BEDE-D0C00FBF6A93}.Release|Any CPU.Build.0 = Release|Any CPU
		{E4A8E71F-2A63-4A81-8AB2-45E17FBBB7B4}.Debug|Any CPU.ActiveCfg = Debug|Any CPU
		{E4A8E71F-2A63-4A81-8AB2-45E17FBBB7B4}.Debug|Any CPU.Build.0 = Debug|Any CPU
		{E4A8E71F-2A63-4A81-8AB2-45E17FBBB7B4}.Release|Any CPU.ActiveCfg = Release|Any CPU
		{E4A8E71F-2A63-4A81-8AB2-45E17FBBB7B4}.Release|Any CPU.Build.0 = Release|Any CPU
		{E252CD8E-E7A6-4BC9-9A8A-C4893A0D9DA5}.Debug|Any CPU.ActiveCfg = Debug|Any CPU
		{E252CD8E-E7A6-4BC9-9A8A-C4893A0D9DA5}.Debug|Any CPU.Build.0 = Debug|Any CPU
		{E252CD8E-E7A6-4BC9-9A8A-C4893A0D9DA5}.Release|Any CPU.ActiveCfg = Release|Any CPU
		{E252CD8E-E7A6-4BC9-9A8A-C4893A0D9DA5}.Release|Any CPU.Build.0 = Release|Any CPU
		{48143806-6869-41EB-866D-85AE8ABBFC34}.Debug|Any CPU.ActiveCfg = Debug|Any CPU
		{48143806-6869-41EB-866D-85AE8ABBFC34}.Debug|Any CPU.Build.0 = Debug|Any CPU
		{48143806-6869-41EB-866D-85AE8ABBFC34}.Release|Any CPU.ActiveCfg = Release|Any CPU
		{48143806-6869-41EB-866D-85AE8ABBFC34}.Release|Any CPU.Build.0 = Release|Any CPU
		{4B416F3B-337B-4A1C-81F2-FC8A9FCD0E61}.Debug|Any CPU.ActiveCfg = Debug|Any CPU
		{4B416F3B-337B-4A1C-81F2-FC8A9FCD0E61}.Debug|Any CPU.Build.0 = Debug|Any CPU
		{4B416F3B-337B-4A1C-81F2-FC8A9FCD0E61}.Release|Any CPU.ActiveCfg = Release|Any CPU
		{4B416F3B-337B-4A1C-81F2-FC8A9FCD0E61}.Release|Any CPU.Build.0 = Release|Any CPU
		{2324D9DC-3E48-4BC4-B6AE-62EB7191BC51}.Debug|Any CPU.ActiveCfg = Debug|Any CPU
		{2324D9DC-3E48-4BC4-B6AE-62EB7191BC51}.Debug|Any CPU.Build.0 = Debug|Any CPU
		{2324D9DC-3E48-4BC4-B6AE-62EB7191BC51}.Release|Any CPU.ActiveCfg = Release|Any CPU
		{2324D9DC-3E48-4BC4-B6AE-62EB7191BC51}.Release|Any CPU.Build.0 = Release|Any CPU
		{C9D195DD-A041-4D7C-94A1-20E50BB0F5D6}.Debug|Any CPU.ActiveCfg = Debug|Any CPU
		{C9D195DD-A041-4D7C-94A1-20E50BB0F5D6}.Debug|Any CPU.Build.0 = Debug|Any CPU
		{C9D195DD-A041-4D7C-94A1-20E50BB0F5D6}.Release|Any CPU.ActiveCfg = Release|Any CPU
		{C9D195DD-A041-4D7C-94A1-20E50BB0F5D6}.Release|Any CPU.Build.0 = Release|Any CPU
		{BFD29F10-25B6-4BBC-AD31-623F5A52C82E}.Debug|Any CPU.ActiveCfg = Debug|Any CPU
		{BFD29F10-25B6-4BBC-AD31-623F5A52C82E}.Debug|Any CPU.Build.0 = Debug|Any CPU
		{BFD29F10-25B6-4BBC-AD31-623F5A52C82E}.Release|Any CPU.ActiveCfg = Release|Any CPU
		{BFD29F10-25B6-4BBC-AD31-623F5A52C82E}.Release|Any CPU.Build.0 = Release|Any CPU
		{F24BD88A-07E1-48BE-8AEB-3C96986CF276}.Debug|Any CPU.ActiveCfg = Debug|Any CPU
		{F24BD88A-07E1-48BE-8AEB-3C96986CF276}.Debug|Any CPU.Build.0 = Debug|Any CPU
		{F24BD88A-07E1-48BE-8AEB-3C96986CF276}.Release|Any CPU.ActiveCfg = Release|Any CPU
		{F24BD88A-07E1-48BE-8AEB-3C96986CF276}.Release|Any CPU.Build.0 = Release|Any CPU
		{AB0074CE-2A16-4D00-A505-690E4A5E89FF}.Debug|Any CPU.ActiveCfg = Debug|Any CPU
		{AB0074CE-2A16-4D00-A505-690E4A5E89FF}.Debug|Any CPU.Build.0 = Debug|Any CPU
		{AB0074CE-2A16-4D00-A505-690E4A5E89FF}.Release|Any CPU.ActiveCfg = Release|Any CPU
		{AB0074CE-2A16-4D00-A505-690E4A5E89FF}.Release|Any CPU.Build.0 = Release|Any CPU
		{EB765BCF-1E78-453F-B11B-768B0A19B33A}.Debug|Any CPU.ActiveCfg = Debug|Any CPU
		{EB765BCF-1E78-453F-B11B-768B0A19B33A}.Debug|Any CPU.Build.0 = Debug|Any CPU
		{EB765BCF-1E78-453F-B11B-768B0A19B33A}.Release|Any CPU.ActiveCfg = Release|Any CPU
		{EB765BCF-1E78-453F-B11B-768B0A19B33A}.Release|Any CPU.Build.0 = Release|Any CPU
		{00653B20-1CCB-4458-B2E8-54BE7B78AA7F}.Debug|Any CPU.ActiveCfg = Debug|Any CPU
		{00653B20-1CCB-4458-B2E8-54BE7B78AA7F}.Debug|Any CPU.Build.0 = Debug|Any CPU
		{00653B20-1CCB-4458-B2E8-54BE7B78AA7F}.Release|Any CPU.ActiveCfg = Release|Any CPU
		{00653B20-1CCB-4458-B2E8-54BE7B78AA7F}.Release|Any CPU.Build.0 = Release|Any CPU
	EndGlobalSection
	GlobalSection(SolutionProperties) = preSolution
		HideSolutionNode = FALSE
	EndGlobalSection
	GlobalSection(ExtensibilityGlobals) = postSolution
		SolutionGuid = {BFB3D542-01D7-41E3-A270-F3C76F32CFEA}
	EndGlobalSection
EndGlobal
