
Microsoft Visual Studio Solution File, Format Version 12.00
# Visual Studio Version 17
VisualStudioVersion = 17.9.34723.18
MinimumVisualStudioVersion = 10.0.40219.1
Project("{FAE04EC0-301F-11D3-BF4B-00C04F79EFBC}") = "sendDatafrom_form1toform2", "sendDatafrom_form1toform2\sendDatafrom_form1toform2.csproj", "{E74A6B45-9178-4A3F-8E05-76A8EDC79A99}"
EndProject
Project("{FAE04EC0-301F-11D3-BF4B-00C04F79EFBC}") = "sendDataBackfromform2toform1UsingDelegate", "sendDataBackfromform2toform1UsingDelegate\sendDataBackfromform2toform1UsingDelegate.csproj", "{3CC89F9F-89DF-4312-9921-5B1054E25B82}"
EndProject
Project("{FAE04EC0-301F-11D3-BF4B-00C04F79EFBC}") = "UserControls", "UserControls\UserControls.csproj", "{55B4D43E-C15F-4696-B5B1-A5CCDC67F256}"
EndProject
Project("{FAE04EC0-301F-11D3-BF4B-00C04F79EFBC}") = "Events", "Events\Events.csproj", "{2BB76940-D1E6-4710-ACBC-9C612382B603}"
EndProject
Project("{FAE04EC0-301F-11D3-BF4B-00C04F79EFBC}") = "Temperature Change Event Example", "Temperature Change Event Example\Temperature Change Event Example.csproj", "{33B2B0DB-7C00-4615-8008-43F68A63F959}"
EndProject
Project("{FAE04EC0-301F-11D3-BF4B-00C04F79EFBC}") = "News Publisher Subscriber Example", "News Publisher Subscriber Example\News Publisher Subscriber Example.csproj", "{F51F87C8-5CE3-451E-AF6C-DA6641BF0503}"
EndProject
Project("{FAE04EC0-301F-11D3-BF4B-00C04F79EFBC}") = "New Order Event Example", "New Order Event Example\New Order Event Example.csproj", "{9A5ADE6B-3463-407E-BEFF-F831F33EE903}"
EndProject
Project("{FAE04EC0-301F-11D3-BF4B-00C04F79EFBC}") = "Logger Example", "Logger Example\Logger Example.csproj", "{419024A3-E8D1-490F-9150-4759C7D5F753}"
EndProject
Project("{FAE04EC0-301F-11D3-BF4B-00C04F79EFBC}") = "Func Delegate Example 1", "Func Delegate Example 1\Func Delegate Example 1.csproj", "{71C1BB91-3A23-40B9-9B6B-BCD824A0165F}"
EndProject
Project("{FAE04EC0-301F-11D3-BF4B-00C04F79EFBC}") = "Action Delegate", "Action Delegate\Action Delegate.csproj", "{ABB6F48A-7F15-4BBC-BDAE-264BBDCECD24}"
EndProject
Global
	GlobalSection(SolutionConfigurationPlatforms) = preSolution
		Debug|Any CPU = Debug|Any CPU
		Release|Any CPU = Release|Any CPU
	EndGlobalSection
	GlobalSection(ProjectConfigurationPlatforms) = postSolution
		{E74A6B45-9178-4A3F-8E05-76A8EDC79A99}.Debug|Any CPU.ActiveCfg = Debug|Any CPU
		{E74A6B45-9178-4A3F-8E05-76A8EDC79A99}.Debug|Any CPU.Build.0 = Debug|Any CPU
		{E74A6B45-9178-4A3F-8E05-76A8EDC79A99}.Release|Any CPU.ActiveCfg = Release|Any CPU
		{E74A6B45-9178-4A3F-8E05-76A8EDC79A99}.Release|Any CPU.Build.0 = Release|Any CPU
		{3CC89F9F-89DF-4312-9921-5B1054E25B82}.Debug|Any CPU.ActiveCfg = Debug|Any CPU
		{3CC89F9F-89DF-4312-9921-5B1054E25B82}.Debug|Any CPU.Build.0 = Debug|Any CPU
		{3CC89F9F-89DF-4312-9921-5B1054E25B82}.Release|Any CPU.ActiveCfg = Release|Any CPU
		{3CC89F9F-89DF-4312-9921-5B1054E25B82}.Release|Any CPU.Build.0 = Release|Any CPU
		{55B4D43E-C15F-4696-B5B1-A5CCDC67F256}.Debug|Any CPU.ActiveCfg = Debug|Any CPU
		{55B4D43E-C15F-4696-B5B1-A5CCDC67F256}.Debug|Any CPU.Build.0 = Debug|Any CPU
		{55B4D43E-C15F-4696-B5B1-A5CCDC67F256}.Release|Any CPU.ActiveCfg = Release|Any CPU
		{55B4D43E-C15F-4696-B5B1-A5CCDC67F256}.Release|Any CPU.Build.0 = Release|Any CPU
		{2BB76940-D1E6-4710-ACBC-9C612382B603}.Debug|Any CPU.ActiveCfg = Debug|Any CPU
		{2BB76940-D1E6-4710-ACBC-9C612382B603}.Debug|Any CPU.Build.0 = Debug|Any CPU
		{2BB76940-D1E6-4710-ACBC-9C612382B603}.Release|Any CPU.ActiveCfg = Release|Any CPU
		{2BB76940-D1E6-4710-ACBC-9C612382B603}.Release|Any CPU.Build.0 = Release|Any CPU
		{33B2B0DB-7C00-4615-8008-43F68A63F959}.Debug|Any CPU.ActiveCfg = Debug|Any CPU
		{33B2B0DB-7C00-4615-8008-43F68A63F959}.Debug|Any CPU.Build.0 = Debug|Any CPU
		{33B2B0DB-7C00-4615-8008-43F68A63F959}.Release|Any CPU.ActiveCfg = Release|Any CPU
		{33B2B0DB-7C00-4615-8008-43F68A63F959}.Release|Any CPU.Build.0 = Release|Any CPU
		{F51F87C8-5CE3-451E-AF6C-DA6641BF0503}.Debug|Any CPU.ActiveCfg = Debug|Any CPU
		{F51F87C8-5CE3-451E-AF6C-DA6641BF0503}.Debug|Any CPU.Build.0 = Debug|Any CPU
		{F51F87C8-5CE3-451E-AF6C-DA6641BF0503}.Release|Any CPU.ActiveCfg = Release|Any CPU
		{F51F87C8-5CE3-451E-AF6C-DA6641BF0503}.Release|Any CPU.Build.0 = Release|Any CPU
		{9A5ADE6B-3463-407E-BEFF-F831F33EE903}.Debug|Any CPU.ActiveCfg = Debug|Any CPU
		{9A5ADE6B-3463-407E-BEFF-F831F33EE903}.Debug|Any CPU.Build.0 = Debug|Any CPU
		{9A5ADE6B-3463-407E-BEFF-F831F33EE903}.Release|Any CPU.ActiveCfg = Release|Any CPU
		{9A5ADE6B-3463-407E-BEFF-F831F33EE903}.Release|Any CPU.Build.0 = Release|Any CPU
		{419024A3-E8D1-490F-9150-4759C7D5F753}.Debug|Any CPU.ActiveCfg = Debug|Any CPU
		{419024A3-E8D1-490F-9150-4759C7D5F753}.Debug|Any CPU.Build.0 = Debug|Any CPU
		{419024A3-E8D1-490F-9150-4759C7D5F753}.Release|Any CPU.ActiveCfg = Release|Any CPU
		{419024A3-E8D1-490F-9150-4759C7D5F753}.Release|Any CPU.Build.0 = Release|Any CPU
		{71C1BB91-3A23-40B9-9B6B-BCD824A0165F}.Debug|Any CPU.ActiveCfg = Debug|Any CPU
		{71C1BB91-3A23-40B9-9B6B-BCD824A0165F}.Debug|Any CPU.Build.0 = Debug|Any CPU
		{71C1BB91-3A23-40B9-9B6B-BCD824A0165F}.Release|Any CPU.ActiveCfg = Release|Any CPU
		{71C1BB91-3A23-40B9-9B6B-BCD824A0165F}.Release|Any CPU.Build.0 = Release|Any CPU
		{ABB6F48A-7F15-4BBC-BDAE-264BBDCECD24}.Debug|Any CPU.ActiveCfg = Debug|Any CPU
		{ABB6F48A-7F15-4BBC-BDAE-264BBDCECD24}.Debug|Any CPU.Build.0 = Debug|Any CPU
		{ABB6F48A-7F15-4BBC-BDAE-264BBDCECD24}.Release|Any CPU.ActiveCfg = Release|Any CPU
		{ABB6F48A-7F15-4BBC-BDAE-264BBDCECD24}.Release|Any CPU.Build.0 = Release|Any CPU
	EndGlobalSection
	GlobalSection(SolutionProperties) = preSolution
		HideSolutionNode = FALSE
	EndGlobalSection
	GlobalSection(ExtensibilityGlobals) = postSolution
		SolutionGuid = {BFB3D542-01D7-41E3-A270-F3C76F32CFEA}
	EndGlobalSection
EndGlobal
